
Microsoft Visual Studio Solution File, Format Version 12.00
# Visual Studio Version 17
VisualStudioVersion = 17.5.002.0
MinimumVisualStudioVersion = 10.0.40219.1
Project("{2150E333-8FDC-42A3-9474-1A3956D46DE8}") = "backend", "backend", "{8C33C016-E956-43B2-86C6-0A7014D48D2A}"
EndProject
Project("{9A19103F-16F7-4668-BE54-9A1E7A4F7556}") = "api", "backend\api\api.csproj", "{5C291360-94E2-43D2-A066-F88DE419348D}"
EndProject
Global
	GlobalSection(SolutionConfigurationPlatforms) = preSolution
		Debug|Any CPU = Debug|Any CPU
		Release|Any CPU = Release|Any CPU
	EndGlobalSection
	GlobalSection(ProjectConfigurationPlatforms) = postSolution
		{5C291360-94E2-43D2-A066-F88DE419348D}.Debug|Any CPU.ActiveCfg = Debug|Any CPU
		{5C291360-94E2-43D2-A066-F88DE419348D}.Debug|Any CPU.Build.0 = Debug|Any CPU
		{5C291360-94E2-43D2-A066-F88DE419348D}.Release|Any CPU.ActiveCfg = Release|Any CPU
		{5C291360-94E2-43D2-A066-F88DE419348D}.Release|Any CPU.Build.0 = Release|Any CPU
	EndGlobalSection
	GlobalSection(SolutionProperties) = preSolution
		HideSolutionNode = FALSE
	EndGlobalSection
	GlobalSection(NestedProjects) = preSolution
		{5C291360-94E2-43D2-A066-F88DE419348D} = {8C33C016-E956-43B2-86C6-0A7014D48D2A}
	EndGlobalSection
	GlobalSection(ExtensibilityGlobals) = postSolution
		SolutionGuid = {3F169ABF-8A82-4C87-A7C0-8ECE2C1AB468}
	EndGlobalSection
EndGlobal
